// !$*UTF8*$!
{
	archiveVersion = 1;
	classes = {
	};
	objectVersion = 56;
	objects = {

/* Begin PBXBuildFile section */
		D323087B2AF1945E00DB9E5B /* FavoriteButton.swift in Sources */ = {isa = PBXBuildFile; fileRef = D323087A2AF1945E00DB9E5B /* FavoriteButton.swift */; };
		D36576AF2AEAFCD400C12FED /* LandmarksApp.swift in Sources */ = {isa = PBXBuildFile; fileRef = D36576AE2AEAFCD400C12FED /* LandmarksApp.swift */; };
		D36576B12AEAFCD400C12FED /* ContentView.swift in Sources */ = {isa = PBXBuildFile; fileRef = D36576B02AEAFCD400C12FED /* ContentView.swift */; };
		D36576B32AEAFCD500C12FED /* Assets.xcassets in Resources */ = {isa = PBXBuildFile; fileRef = D36576B22AEAFCD500C12FED /* Assets.xcassets */; };
		D36576B62AEAFCD500C12FED /* Preview Assets.xcassets in Resources */ = {isa = PBXBuildFile; fileRef = D36576B52AEAFCD500C12FED /* Preview Assets.xcassets */; };
		D36576C02AEAFCD500C12FED /* LandmarksTests.swift in Sources */ = {isa = PBXBuildFile; fileRef = D36576BF2AEAFCD500C12FED /* LandmarksTests.swift */; };
		D36576CA2AEAFCD500C12FED /* LandmarksUITests.swift in Sources */ = {isa = PBXBuildFile; fileRef = D36576C92AEAFCD500C12FED /* LandmarksUITests.swift */; };
		D36576CC2AEAFCD500C12FED /* LandmarksUITestsLaunchTests.swift in Sources */ = {isa = PBXBuildFile; fileRef = D36576CB2AEAFCD500C12FED /* LandmarksUITestsLaunchTests.swift */; };
		D39716952AEB000D00507451 /* CircleImage.swift in Sources */ = {isa = PBXBuildFile; fileRef = D39716942AEB000D00507451 /* CircleImage.swift */; };
		D39716972AEB00F000507451 /* MapView.swift in Sources */ = {isa = PBXBuildFile; fileRef = D39716962AEB00F000507451 /* MapView.swift */; };
		D39716992AEB048300507451 /* landmarkData.json in Resources */ = {isa = PBXBuildFile; fileRef = D39716982AEB048300507451 /* landmarkData.json */; };
		D397169B2AEB049B00507451 /* Landmark.swift in Sources */ = {isa = PBXBuildFile; fileRef = D397169A2AEB049B00507451 /* Landmark.swift */; };
		D397169D2AEB057E00507451 /* ModelData.swift in Sources */ = {isa = PBXBuildFile; fileRef = D397169C2AEB057E00507451 /* ModelData.swift */; };
		D39716A22AEB061F00507451 /* LandmarkRow.swift in Sources */ = {isa = PBXBuildFile; fileRef = D39716A12AEB061F00507451 /* LandmarkRow.swift */; };
		D39716A42AEB083900507451 /* LandmarkList.swift in Sources */ = {isa = PBXBuildFile; fileRef = D39716A32AEB083900507451 /* LandmarkList.swift */; };
		D39716A62AEB090400507451 /* LandmarkDetail.swift in Sources */ = {isa = PBXBuildFile; fileRef = D39716A52AEB090400507451 /* LandmarkDetail.swift */; };
/* End PBXBuildFile section */

/* Begin PBXContainerItemProxy section */
		D36576BC2AEAFCD500C12FED /* PBXContainerItemProxy */ = {
			isa = PBXContainerItemProxy;
			containerPortal = D36576A32AEAFCD400C12FED /* Project object */;
			proxyType = 1;
			remoteGlobalIDString = D36576AA2AEAFCD400C12FED;
			remoteInfo = Landmarks;
		};
		D36576C62AEAFCD500C12FED /* PBXContainerItemProxy */ = {
			isa = PBXContainerItemProxy;
			containerPortal = D36576A32AEAFCD400C12FED /* Project object */;
			proxyType = 1;
			remoteGlobalIDString = D36576AA2AEAFCD400C12FED;
			remoteInfo = Landmarks;
		};
/* End PBXContainerItemProxy section */

/* Begin PBXFileReference section */
		D323087A2AF1945E00DB9E5B /* FavoriteButton.swift */ = {isa = PBXFileReference; lastKnownFileType = sourcecode.swift; path = FavoriteButton.swift; sourceTree = "<group>"; };
		D36576AB2AEAFCD400C12FED /* Landmarks.app */ = {isa = PBXFileReference; explicitFileType = wrapper.application; includeInIndex = 0; path = Landmarks.app; sourceTree = BUILT_PRODUCTS_DIR; };
		D36576AE2AEAFCD400C12FED /* LandmarksApp.swift */ = {isa = PBXFileReference; lastKnownFileType = sourcecode.swift; path = LandmarksApp.swift; sourceTree = "<group>"; };
		D36576B02AEAFCD400C12FED /* ContentView.swift */ = {isa = PBXFileReference; lastKnownFileType = sourcecode.swift; path = ContentView.swift; sourceTree = "<group>"; };
		D36576B22AEAFCD500C12FED /* Assets.xcassets */ = {isa = PBXFileReference; lastKnownFileType = folder.assetcatalog; path = Assets.xcassets; sourceTree = "<group>"; };
		D36576B52AEAFCD500C12FED /* Preview Assets.xcassets */ = {isa = PBXFileReference; lastKnownFileType = folder.assetcatalog; path = "Preview Assets.xcassets"; sourceTree = "<group>"; };
		D36576BB2AEAFCD500C12FED /* LandmarksTests.xctest */ = {isa = PBXFileReference; explicitFileType = wrapper.cfbundle; includeInIndex = 0; path = LandmarksTests.xctest; sourceTree = BUILT_PRODUCTS_DIR; };
		D36576BF2AEAFCD500C12FED /* LandmarksTests.swift */ = {isa = PBXFileReference; lastKnownFileType = sourcecode.swift; path = LandmarksTests.swift; sourceTree = "<group>"; };
		D36576C52AEAFCD500C12FED /* LandmarksUITests.xctest */ = {isa = PBXFileReference; explicitFileType = wrapper.cfbundle; includeInIndex = 0; path = LandmarksUITests.xctest; sourceTree = BUILT_PRODUCTS_DIR; };
		D36576C92AEAFCD500C12FED /* LandmarksUITests.swift */ = {isa = PBXFileReference; lastKnownFileType = sourcecode.swift; path = LandmarksUITests.swift; sourceTree = "<group>"; };
		D36576CB2AEAFCD500C12FED /* LandmarksUITestsLaunchTests.swift */ = {isa = PBXFileReference; lastKnownFileType = sourcecode.swift; path = LandmarksUITestsLaunchTests.swift; sourceTree = "<group>"; };
		D39716942AEB000D00507451 /* CircleImage.swift */ = {isa = PBXFileReference; lastKnownFileType = sourcecode.swift; path = CircleImage.swift; sourceTree = "<group>"; };
		D39716962AEB00F000507451 /* MapView.swift */ = {isa = PBXFileReference; lastKnownFileType = sourcecode.swift; path = MapView.swift; sourceTree = "<group>"; };
		D39716982AEB048300507451 /* landmarkData.json */ = {isa = PBXFileReference; fileEncoding = 4; lastKnownFileType = text.json; path = landmarkData.json; sourceTree = "<group>"; };
		D397169A2AEB049B00507451 /* Landmark.swift */ = {isa = PBXFileReference; lastKnownFileType = sourcecode.swift; path = Landmark.swift; sourceTree = "<group>"; };
		D397169C2AEB057E00507451 /* ModelData.swift */ = {isa = PBXFileReference; lastKnownFileType = sourcecode.swift; path = ModelData.swift; sourceTree = "<group>"; };
		D39716A12AEB061F00507451 /* LandmarkRow.swift */ = {isa = PBXFileReference; lastKnownFileType = sourcecode.swift; path = LandmarkRow.swift; sourceTree = "<group>"; };
		D39716A32AEB083900507451 /* LandmarkList.swift */ = {isa = PBXFileReference; lastKnownFileType = sourcecode.swift; path = LandmarkList.swift; sourceTree = "<group>"; };
		D39716A52AEB090400507451 /* LandmarkDetail.swift */ = {isa = PBXFileReference; lastKnownFileType = sourcecode.swift; path = LandmarkDetail.swift; sourceTree = "<group>"; };
/* End PBXFileReference section */

/* Begin PBXFrameworksBuildPhase section */
		D36576A82AEAFCD400C12FED /* Frameworks */ = {
			isa = PBXFrameworksBuildPhase;
			buildActionMask = 2147483647;
			files = (
			);
			runOnlyForDeploymentPostprocessing = 0;
		};
		D36576B82AEAFCD500C12FED /* Frameworks */ = {
			isa = PBXFrameworksBuildPhase;
			buildActionMask = 2147483647;
			files = (
			);
			runOnlyForDeploymentPostprocessing = 0;
		};
		D36576C22AEAFCD500C12FED /* Frameworks */ = {
			isa = PBXFrameworksBuildPhase;
			buildActionMask = 2147483647;
			files = (
			);
			runOnlyForDeploymentPostprocessing = 0;
		};
/* End PBXFrameworksBuildPhase section */

/* Begin PBXGroup section */
		D323087C2AF194B900DB9E5B /* Helper */ = {
			isa = PBXGroup;
			children = (
				D323087A2AF1945E00DB9E5B /* FavoriteButton.swift */,
				D39716942AEB000D00507451 /* CircleImage.swift */,
				D39716962AEB00F000507451 /* MapView.swift */,
			);
			path = Helper;
			sourceTree = "<group>";
		};
		D323087D2AF194C600DB9E5B /* Landmarks */ = {
			isa = PBXGroup;
			children = (
				D39716A12AEB061F00507451 /* LandmarkRow.swift */,
				D39716A32AEB083900507451 /* LandmarkList.swift */,
				D39716A52AEB090400507451 /* LandmarkDetail.swift */,
			);
			path = Landmarks;
			sourceTree = "<group>";
		};
		D36576A22AEAFCD400C12FED = {
			isa = PBXGroup;
			children = (
				D36576AD2AEAFCD400C12FED /* Landmarks */,
				D36576BE2AEAFCD500C12FED /* LandmarksTests */,
				D36576C82AEAFCD500C12FED /* LandmarksUITests */,
				D36576AC2AEAFCD400C12FED /* Products */,
			);
			sourceTree = "<group>";
		};
		D36576AC2AEAFCD400C12FED /* Products */ = {
			isa = PBXGroup;
			children = (
				D36576AB2AEAFCD400C12FED /* Landmarks.app */,
				D36576BB2AEAFCD500C12FED /* LandmarksTests.xctest */,
				D36576C52AEAFCD500C12FED /* LandmarksUITests.xctest */,
			);
			name = Products;
			sourceTree = "<group>";
		};
		D36576AD2AEAFCD400C12FED /* Landmarks */ = {
			isa = PBXGroup;
			children = (
				D39716A02AEB05D900507451 /* Resources */,
				D36576AE2AEAFCD400C12FED /* LandmarksApp.swift */,
				D397169E2AEB05BA00507451 /* Views */,
				D397169F2AEB05C800507451 /* Model */,
				D36576B22AEAFCD500C12FED /* Assets.xcassets */,
				D36576B42AEAFCD500C12FED /* Preview Content */,
			);
			path = Landmarks;
			sourceTree = "<group>";
		};
		D36576B42AEAFCD500C12FED /* Preview Content */ = {
			isa = PBXGroup;
			children = (
				D36576B52AEAFCD500C12FED /* Preview Assets.xcassets */,
			);
			path = "Preview Content";
			sourceTree = "<group>";
		};
		D36576BE2AEAFCD500C12FED /* LandmarksTests */ = {
			isa = PBXGroup;
			children = (
				D36576BF2AEAFCD500C12FED /* LandmarksTests.swift */,
			);
			path = LandmarksTests;
			sourceTree = "<group>";
		};
		D36576C82AEAFCD500C12FED /* LandmarksUITests */ = {
			isa = PBXGroup;
			children = (
				D36576C92AEAFCD500C12FED /* LandmarksUITests.swift */,
				D36576CB2AEAFCD500C12FED /* LandmarksUITestsLaunchTests.swift */,
			);
			path = LandmarksUITests;
			sourceTree = "<group>";
		};
		D397169E2AEB05BA00507451 /* Views */ = {
			isa = PBXGroup;
			children = (
				D36576B02AEAFCD400C12FED /* ContentView.swift */,
				D323087C2AF194B900DB9E5B /* Helper */,
				D323087D2AF194C600DB9E5B /* Landmarks */,
			);
			path = Views;
			sourceTree = "<group>";
		};
		D397169F2AEB05C800507451 /* Model */ = {
			isa = PBXGroup;
			children = (
				D397169A2AEB049B00507451 /* Landmark.swift */,
				D397169C2AEB057E00507451 /* ModelData.swift */,
			);
			path = Model;
			sourceTree = "<group>";
		};
		D39716A02AEB05D900507451 /* Resources */ = {
			isa = PBXGroup;
			children = (
				D39716982AEB048300507451 /* landmarkData.json */,
			);
			path = Resources;
			sourceTree = "<group>";
		};
/* End PBXGroup section */

/* Begin PBXNativeTarget section */
		D36576AA2AEAFCD400C12FED /* Landmarks */ = {
			isa = PBXNativeTarget;
			buildConfigurationList = D36576CF2AEAFCD500C12FED /* Build configuration list for PBXNativeTarget "Landmarks" */;
			buildPhases = (
				D36576A72AEAFCD400C12FED /* Sources */,
				D36576A82AEAFCD400C12FED /* Frameworks */,
				D36576A92AEAFCD400C12FED /* Resources */,
			);
			buildRules = (
			);
			dependencies = (
			);
			name = Landmarks;
			productName = Landmarks;
			productReference = D36576AB2AEAFCD400C12FED /* Landmarks.app */;
			productType = "com.apple.product-type.application";
		};
		D36576BA2AEAFCD500C12FED /* LandmarksTests */ = {
			isa = PBXNativeTarget;
			buildConfigurationList = D36576D22AEAFCD500C12FED /* Build configuration list for PBXNativeTarget "LandmarksTests" */;
			buildPhases = (
				D36576B72AEAFCD500C12FED /* Sources */,
				D36576B82AEAFCD500C12FED /* Frameworks */,
				D36576B92AEAFCD500C12FED /* Resources */,
			);
			buildRules = (
			);
			dependencies = (
				D36576BD2AEAFCD500C12FED /* PBXTargetDependency */,
			);
			name = LandmarksTests;
			productName = LandmarksTests;
			productReference = D36576BB2AEAFCD500C12FED /* LandmarksTests.xctest */;
			productType = "com.apple.product-type.bundle.unit-test";
		};
		D36576C42AEAFCD500C12FED /* LandmarksUITests */ = {
			isa = PBXNativeTarget;
			buildConfigurationList = D36576D52AEAFCD500C12FED /* Build configuration list for PBXNativeTarget "LandmarksUITests" */;
			buildPhases = (
				D36576C12AEAFCD500C12FED /* Sources */,
				D36576C22AEAFCD500C12FED /* Frameworks */,
				D36576C32AEAFCD500C12FED /* Resources */,
			);
			buildRules = (
			);
			dependencies = (
				D36576C72AEAFCD500C12FED /* PBXTargetDependency */,
			);
			name = LandmarksUITests;
			productName = LandmarksUITests;
			productReference = D36576C52AEAFCD500C12FED /* LandmarksUITests.xctest */;
			productType = "com.apple.product-type.bundle.ui-testing";
		};
/* End PBXNativeTarget section */

/* Begin PBXProject section */
		D36576A32AEAFCD400C12FED /* Project object */ = {
			isa = PBXProject;
			attributes = {
				BuildIndependentTargetsInParallel = 1;
				LastSwiftUpdateCheck = 1430;
				LastUpgradeCheck = 1430;
				TargetAttributes = {
					D36576AA2AEAFCD400C12FED = {
						CreatedOnToolsVersion = 14.3.1;
					};
					D36576BA2AEAFCD500C12FED = {
						CreatedOnToolsVersion = 14.3.1;
						TestTargetID = D36576AA2AEAFCD400C12FED;
					};
					D36576C42AEAFCD500C12FED = {
						CreatedOnToolsVersion = 14.3.1;
						TestTargetID = D36576AA2AEAFCD400C12FED;
					};
				};
			};
			buildConfigurationList = D36576A62AEAFCD400C12FED /* Build configuration list for PBXProject "Landmarks" */;
			compatibilityVersion = "Xcode 14.0";
			developmentRegion = en;
			hasScannedForEncodings = 0;
			knownRegions = (
				en,
				Base,
			);
			mainGroup = D36576A22AEAFCD400C12FED;
			productRefGroup = D36576AC2AEAFCD400C12FED /* Products */;
			projectDirPath = "";
			projectRoot = "";
			targets = (
				D36576AA2AEAFCD400C12FED /* Landmarks */,
				D36576BA2AEAFCD500C12FED /* LandmarksTests */,
				D36576C42AEAFCD500C12FED /* LandmarksUITests */,
			);
		};
/* End PBXProject section */

/* Begin PBXResourcesBuildPhase section */
		D36576A92AEAFCD400C12FED /* Resources */ = {
			isa = PBXResourcesBuildPhase;
			buildActionMask = 2147483647;
			files = (
				D36576B62AEAFCD500C12FED /* Preview Assets.xcassets in Resources */,
				D36576B32AEAFCD500C12FED /* Assets.xcassets in Resources */,
				D39716992AEB048300507451 /* landmarkData.json in Resources */,
			);
			runOnlyForDeploymentPostprocessing = 0;
		};
		D36576B92AEAFCD500C12FED /* Resources */ = {
			isa = PBXResourcesBuildPhase;
			buildActionMask = 2147483647;
			files = (
			);
			runOnlyForDeploymentPostprocessing = 0;
		};
		D36576C32AEAFCD500C12FED /* Resources */ = {
			isa = PBXResourcesBuildPhase;
			buildActionMask = 2147483647;
			files = (
			);
			runOnlyForDeploymentPostprocessing = 0;
		};
/* End PBXResourcesBuildPhase section */

/* Begin PBXSourcesBuildPhase section */
		D36576A72AEAFCD400C12FED /* Sources */ = {
			isa = PBXSourcesBuildPhase;
			buildActionMask = 2147483647;
			files = (
				D36576B12AEAFCD400C12FED /* ContentView.swift in Sources */,
				D39716972AEB00F000507451 /* MapView.swift in Sources */,
				D36576AF2AEAFCD400C12FED /* LandmarksApp.swift in Sources */,
				D323087B2AF1945E00DB9E5B /* FavoriteButton.swift in Sources */,
				D39716A42AEB083900507451 /* LandmarkList.swift in Sources */,
				D39716A62AEB090400507451 /* LandmarkDetail.swift in Sources */,
				D39716952AEB000D00507451 /* CircleImage.swift in Sources */,
				D397169B2AEB049B00507451 /* Landmark.swift in Sources */,
				D39716A22AEB061F00507451 /* LandmarkRow.swift in Sources */,
				D397169D2AEB057E00507451 /* ModelData.swift in Sources */,
			);
			runOnlyForDeploymentPostprocessing = 0;
		};
		D36576B72AEAFCD500C12FED /* Sources */ = {
			isa = PBXSourcesBuildPhase;
			buildActionMask = 2147483647;
			files = (
				D36576C02AEAFCD500C12FED /* LandmarksTests.swift in Sources */,
			);
			runOnlyForDeploymentPostprocessing = 0;
		};
		D36576C12AEAFCD500C12FED /* Sources */ = {
			isa = PBXSourcesBuildPhase;
			buildActionMask = 2147483647;
			files = (
				D36576CC2AEAFCD500C12FED /* LandmarksUITestsLaunchTests.swift in Sources */,
				D36576CA2AEAFCD500C12FED /* LandmarksUITests.swift in Sources */,
			);
			runOnlyForDeploymentPostprocessing = 0;
		};
/* End PBXSourcesBuildPhase section */

/* Begin PBXTargetDependency section */
		D36576BD2AEAFCD500C12FED /* PBXTargetDependency */ = {
			isa = PBXTargetDependency;
			target = D36576AA2AEAFCD400C12FED /* Landmarks */;
			targetProxy = D36576BC2AEAFCD500C12FED /* PBXContainerItemProxy */;
		};
		D36576C72AEAFCD500C12FED /* PBXTargetDependency */ = {
			isa = PBXTargetDependency;
			target = D36576AA2AEAFCD400C12FED /* Landmarks */;
			targetProxy = D36576C62AEAFCD500C12FED /* PBXContainerItemProxy */;
		};
/* End PBXTargetDependency section */

/* Begin XCBuildConfiguration section */
		D36576CD2AEAFCD500C12FED /* Debug */ = {
			isa = XCBuildConfiguration;
			buildSettings = {
				ALWAYS_SEARCH_USER_PATHS = NO;
				CLANG_ANALYZER_NONNULL = YES;
				CLANG_ANALYZER_NUMBER_OBJECT_CONVERSION = YES_AGGRESSIVE;
				CLANG_CXX_LANGUAGE_STANDARD = "gnu++20";
				CLANG_ENABLE_MODULES = YES;
				CLANG_ENABLE_OBJC_ARC = YES;
				CLANG_ENABLE_OBJC_WEAK = YES;
				CLANG_WARN_BLOCK_CAPTURE_AUTORELEASING = YES;
				CLANG_WARN_BOOL_CONVERSION = YES;
				CLANG_WARN_COMMA = YES;
				CLANG_WARN_CONSTANT_CONVERSION = YES;
				CLANG_WARN_DEPRECATED_OBJC_IMPLEMENTATIONS = YES;
				CLANG_WARN_DIRECT_OBJC_ISA_USAGE = YES_ERROR;
				CLANG_WARN_DOCUMENTATION_COMMENTS = YES;
				CLANG_WARN_EMPTY_BODY = YES;
				CLANG_WARN_ENUM_CONVERSION = YES;
				CLANG_WARN_INFINITE_RECURSION = YES;
				CLANG_WARN_INT_CONVERSION = YES;
				CLANG_WARN_NON_LITERAL_NULL_CONVERSION = YES;
				CLANG_WARN_OBJC_IMPLICIT_RETAIN_SELF = YES;
				CLANG_WARN_OBJC_LITERAL_CONVERSION = YES;
				CLANG_WARN_OBJC_ROOT_CLASS = YES_ERROR;
				CLANG_WARN_QUOTED_INCLUDE_IN_FRAMEWORK_HEADER = YES;
				CLANG_WARN_RANGE_LOOP_ANALYSIS = YES;
				CLANG_WARN_STRICT_PROTOTYPES = YES;
				CLANG_WARN_SUSPICIOUS_MOVE = YES;
				CLANG_WARN_UNGUARDED_AVAILABILITY = YES_AGGRESSIVE;
				CLANG_WARN_UNREACHABLE_CODE = YES;
				CLANG_WARN__DUPLICATE_METHOD_MATCH = YES;
				COPY_PHASE_STRIP = NO;
				DEBUG_INFORMATION_FORMAT = dwarf;
				ENABLE_STRICT_OBJC_MSGSEND = YES;
				ENABLE_TESTABILITY = YES;
				GCC_C_LANGUAGE_STANDARD = gnu11;
				GCC_DYNAMIC_NO_PIC = NO;
				GCC_NO_COMMON_BLOCKS = YES;
				GCC_OPTIMIZATION_LEVEL = 0;
				GCC_PREPROCESSOR_DEFINITIONS = (
					"DEBUG=1",
					"$(inherited)",
				);
				GCC_WARN_64_TO_32_BIT_CONVERSION = YES;
				GCC_WARN_ABOUT_RETURN_TYPE = YES_ERROR;
				GCC_WARN_UNDECLARED_SELECTOR = YES;
				GCC_WARN_UNINITIALIZED_AUTOS = YES_AGGRESSIVE;
				GCC_WARN_UNUSED_FUNCTION = YES;
				GCC_WARN_UNUSED_VARIABLE = YES;
				IPHONEOS_DEPLOYMENT_TARGET = 16.4;
				MTL_ENABLE_DEBUG_INFO = INCLUDE_SOURCE;
				MTL_FAST_MATH = YES;
				ONLY_ACTIVE_ARCH = YES;
				SDKROOT = iphoneos;
				SWIFT_ACTIVE_COMPILATION_CONDITIONS = DEBUG;
				SWIFT_OPTIMIZATION_LEVEL = "-Onone";
			};
			name = Debug;
		};
		D36576CE2AEAFCD500C12FED /* Release */ = {
			isa = XCBuildConfiguration;
			buildSettings = {
				ALWAYS_SEARCH_USER_PATHS = NO;
				CLANG_ANALYZER_NONNULL = YES;
				CLANG_ANALYZER_NUMBER_OBJECT_CONVERSION = YES_AGGRESSIVE;
				CLANG_CXX_LANGUAGE_STANDARD = "gnu++20";
				CLANG_ENABLE_MODULES = YES;
				CLANG_ENABLE_OBJC_ARC = YES;
				CLANG_ENABLE_OBJC_WEAK = YES;
				CLANG_WARN_BLOCK_CAPTURE_AUTORELEASING = YES;
				CLANG_WARN_BOOL_CONVERSION = YES;
				CLANG_WARN_COMMA = YES;
				CLANG_WARN_CONSTANT_CONVERSION = YES;
				CLANG_WARN_DEPRECATED_OBJC_IMPLEMENTATIONS = YES;
				CLANG_WARN_DIRECT_OBJC_ISA_USAGE = YES_ERROR;
				CLANG_WARN_DOCUMENTATION_COMMENTS = YES;
				CLANG_WARN_EMPTY_BODY = YES;
				CLANG_WARN_ENUM_CONVERSION = YES;
				CLANG_WARN_INFINITE_RECURSION = YES;
				CLANG_WARN_INT_CONVERSION = YES;
				CLANG_WARN_NON_LITERAL_NULL_CONVERSION = YES;
				CLANG_WARN_OBJC_IMPLICIT_RETAIN_SELF = YES;
				CLANG_WARN_OBJC_LITERAL_CONVERSION = YES;
				CLANG_WARN_OBJC_ROOT_CLASS = YES_ERROR;
				CLANG_WARN_QUOTED_INCLUDE_IN_FRAMEWORK_HEADER = YES;
				CLANG_WARN_RANGE_LOOP_ANALYSIS = YES;
				CLANG_WARN_STRICT_PROTOTYPES = YES;
				CLANG_WARN_SUSPICIOUS_MOVE = YES;
				CLANG_WARN_UNGUARDED_AVAILABILITY = YES_AGGRESSIVE;
				CLANG_WARN_UNREACHABLE_CODE = YES;
				CLANG_WARN__DUPLICATE_METHOD_MATCH = YES;
				COPY_PHASE_STRIP = NO;
				DEBUG_INFORMATION_FORMAT = "dwarf-with-dsym";
				ENABLE_NS_ASSERTIONS = NO;
				ENABLE_STRICT_OBJC_MSGSEND = YES;
				GCC_C_LANGUAGE_STANDARD = gnu11;
				GCC_NO_COMMON_BLOCKS = YES;
				GCC_WARN_64_TO_32_BIT_CONVERSION = YES;
				GCC_WARN_ABOUT_RETURN_TYPE = YES_ERROR;
				GCC_WARN_UNDECLARED_SELECTOR = YES;
				GCC_WARN_UNINITIALIZED_AUTOS = YES_AGGRESSIVE;
				GCC_WARN_UNUSED_FUNCTION = YES;
				GCC_WARN_UNUSED_VARIABLE = YES;
				IPHONEOS_DEPLOYMENT_TARGET = 16.4;
				MTL_ENABLE_DEBUG_INFO = NO;
				MTL_FAST_MATH = YES;
				SDKROOT = iphoneos;
				SWIFT_COMPILATION_MODE = wholemodule;
				SWIFT_OPTIMIZATION_LEVEL = "-O";
				VALIDATE_PRODUCT = YES;
			};
			name = Release;
		};
		D36576D02AEAFCD500C12FED /* Debug */ = {
			isa = XCBuildConfiguration;
			buildSettings = {
				ASSETCATALOG_COMPILER_APPICON_NAME = AppIcon;
				ASSETCATALOG_COMPILER_GLOBAL_ACCENT_COLOR_NAME = AccentColor;
				CODE_SIGN_STYLE = Automatic;
				CURRENT_PROJECT_VERSION = 1;
				DEVELOPMENT_ASSET_PATHS = "\"Landmarks/Preview Content\"";
				ENABLE_PREVIEWS = YES;
				GENERATE_INFOPLIST_FILE = YES;
				INFOPLIST_KEY_UIApplicationSceneManifest_Generation = YES;
				INFOPLIST_KEY_UIApplicationSupportsIndirectInputEvents = YES;
				INFOPLIST_KEY_UILaunchScreen_Generation = YES;
				INFOPLIST_KEY_UISupportedInterfaceOrientations_iPad = "UIInterfaceOrientationPortrait UIInterfaceOrientationPortraitUpsideDown UIInterfaceOrientationLandscapeLeft UIInterfaceOrientationLandscapeRight";
				INFOPLIST_KEY_UISupportedInterfaceOrientations_iPhone = "UIInterfaceOrientationPortrait UIInterfaceOrientationLandscapeLeft UIInterfaceOrientationLandscapeRight";
				IPHONEOS_DEPLOYMENT_TARGET = 17.0;
				LD_RUNPATH_SEARCH_PATHS = (
					"$(inherited)",
					"@executable_path/Frameworks",
				);
				MARKETING_VERSION = 1.0;
				PRODUCT_BUNDLE_IDENTIFIER = elott.Landmarks;
				PRODUCT_NAME = "$(TARGET_NAME)";
				SWIFT_EMIT_LOC_STRINGS = YES;
				SWIFT_VERSION = 5.0;
				TARGETED_DEVICE_FAMILY = "1,2";
			};
			name = Debug;
		};
		D36576D12AEAFCD500C12FED /* Release */ = {
			isa = XCBuildConfiguration;
			buildSettings = {
				ASSETCATALOG_COMPILER_APPICON_NAME = AppIcon;
				ASSETCATALOG_COMPILER_GLOBAL_ACCENT_COLOR_NAME = AccentColor;
				CODE_SIGN_STYLE = Automatic;
				CURRENT_PROJECT_VERSION = 1;
				DEVELOPMENT_ASSET_PATHS = "\"Landmarks/Preview Content\"";
				ENABLE_PREVIEWS = YES;
				GENERATE_INFOPLIST_FILE = YES;
				INFOPLIST_KEY_UIApplicationSceneManifest_Generation = YES;
				INFOPLIST_KEY_UIApplicationSupportsIndirectInputEvents = YES;
				INFOPLIST_KEY_UILaunchScreen_Generation = YES;
				INFOPLIST_KEY_UISupportedInterfaceOrientations_iPad = "UIInterfaceOrientationPortrait UIInterfaceOrientationPortraitUpsideDown UIInterfaceOrientationLandscapeLeft UIInterfaceOrientationLandscapeRight";
				INFOPLIST_KEY_UISupportedInterfaceOrientations_iPhone = "UIInterfaceOrientationPortrait UIInterfaceOrientationLandscapeLeft UIInterfaceOrientationLandscapeRight";
				IPHONEOS_DEPLOYMENT_TARGET = 17.0;
				LD_RUNPATH_SEARCH_PATHS = (
					"$(inherited)",
					"@executable_path/Frameworks",
				);
				MARKETING_VERSION = 1.0;
				PRODUCT_BUNDLE_IDENTIFIER = elott.Landmarks;
				PRODUCT_NAME = "$(TARGET_NAME)";
				SWIFT_EMIT_LOC_STRINGS = YES;
				SWIFT_VERSION = 5.0;
				TARGETED_DEVICE_FAMILY = "1,2";
			};
			name = Release;
		};
		D36576D32AEAFCD500C12FED /* Debug */ = {
			isa = XCBuildConfiguration;
			buildSettings = {
				ALWAYS_EMBED_SWIFT_STANDARD_LIBRARIES = YES;
				BUNDLE_LOADER = "$(TEST_HOST)";
				CODE_SIGN_STYLE = Automatic;
				CURRENT_PROJECT_VERSION = 1;
				GENERATE_INFOPLIST_FILE = YES;
				IPHONEOS_DEPLOYMENT_TARGET = 16.4;
				MARKETING_VERSION = 1.0;
				PRODUCT_BUNDLE_IDENTIFIER = elott.LandmarksTests;
				PRODUCT_NAME = "$(TARGET_NAME)";
				SWIFT_EMIT_LOC_STRINGS = NO;
				SWIFT_VERSION = 5.0;
				TARGETED_DEVICE_FAMILY = "1,2";
				TEST_HOST = "$(BUILT_PRODUCTS_DIR)/Landmarks.app/$(BUNDLE_EXECUTABLE_FOLDER_PATH)/Landmarks";
			};
			name = Debug;
		};
		D36576D42AEAFCD500C12FED /* Release */ = {
			isa = XCBuildConfiguration;
			buildSettings = {
				ALWAYS_EMBED_SWIFT_STANDARD_LIBRARIES = YES;
				BUNDLE_LOADER = "$(TEST_HOST)";
				CODE_SIGN_STYLE = Automatic;
				CURRENT_PROJECT_VERSION = 1;
				GENERATE_INFOPLIST_FILE = YES;
				IPHONEOS_DEPLOYMENT_TARGET = 16.4;
				MARKETING_VERSION = 1.0;
				PRODUCT_BUNDLE_IDENTIFIER = elott.LandmarksTests;
				PRODUCT_NAME = "$(TARGET_NAME)";
				SWIFT_EMIT_LOC_STRINGS = NO;
				SWIFT_VERSION = 5.0;
				TARGETED_DEVICE_FAMILY = "1,2";
				TEST_HOST = "$(BUILT_PRODUCTS_DIR)/Landmarks.app/$(BUNDLE_EXECUTABLE_FOLDER_PATH)/Landmarks";
			};
			name = Release;
		};
		D36576D62AEAFCD500C12FED /* Debug */ = {
			isa = XCBuildConfiguration;
			buildSettings = {
				ALWAYS_EMBED_SWIFT_STANDARD_LIBRARIES = YES;
				CODE_SIGN_STYLE = Automatic;
				CURRENT_PROJECT_VERSION = 1;
				GENERATE_INFOPLIST_FILE = YES;
				MARKETING_VERSION = 1.0;
				PRODUCT_BUNDLE_IDENTIFIER = elott.LandmarksUITests;
				PRODUCT_NAME = "$(TARGET_NAME)";
				SWIFT_EMIT_LOC_STRINGS = NO;
				SWIFT_VERSION = 5.0;
				TARGETED_DEVICE_FAMILY = "1,2";
				TEST_TARGET_NAME = Landmarks;
			};
			name = Debug;
		};
		D36576D72AEAFCD500C12FED /* Release */ = {
			isa = XCBuildConfiguration;
			buildSettings = {
				ALWAYS_EMBED_SWIFT_STANDARD_LIBRARIES = YES;
				CODE_SIGN_STYLE = Automatic;
				CURRENT_PROJECT_VERSION = 1;
				GENERATE_INFOPLIST_FILE = YES;
				MARKETING_VERSION = 1.0;
				PRODUCT_BUNDLE_IDENTIFIER = elott.LandmarksUITests;
				PRODUCT_NAME = "$(TARGET_NAME)";
				SWIFT_EMIT_LOC_STRINGS = NO;
				SWIFT_VERSION = 5.0;
				TARGETED_DEVICE_FAMILY = "1,2";
				TEST_TARGET_NAME = Landmarks;
			};
			name = Release;
		};
/* End XCBuildConfiguration section */

/* Begin XCConfigurationList section */
		D36576A62AEAFCD400C12FED /* Build configuration list for PBXProject "Landmarks" */ = {
			isa = XCConfigurationList;
			buildConfigurations = (
				D36576CD2AEAFCD500C12FED /* Debug */,
				D36576CE2AEAFCD500C12FED /* Release */,
			);
			defaultConfigurationIsVisible = 0;
			defaultConfigurationName = Release;
		};
		D36576CF2AEAFCD500C12FED /* Build configuration list for PBXNativeTarget "Landmarks" */ = {
			isa = XCConfigurationList;
			buildConfigurations = (
				D36576D02AEAFCD500C12FED /* Debug */,
				D36576D12AEAFCD500C12FED /* Release */,
			);
			defaultConfigurationIsVisible = 0;
			defaultConfigurationName = Release;
		};
		D36576D22AEAFCD500C12FED /* Build configuration list for PBXNativeTarget "LandmarksTests" */ = {
			isa = XCConfigurationList;
			buildConfigurations = (
				D36576D32AEAFCD500C12FED /* Debug */,
				D36576D42AEAFCD500C12FED /* Release */,
			);
			defaultConfigurationIsVisible = 0;
			defaultConfigurationName = Release;
		};
		D36576D52AEAFCD500C12FED /* Build configuration list for PBXNativeTarget "LandmarksUITests" */ = {
			isa = XCConfigurationList;
			buildConfigurations = (
				D36576D62AEAFCD500C12FED /* Debug */,
				D36576D72AEAFCD500C12FED /* Release */,
			);
			defaultConfigurationIsVisible = 0;
			defaultConfigurationName = Release;
		};
/* End XCConfigurationList section */
	};
	rootObject = D36576A32AEAFCD400C12FED /* Project object */;
}
